// !$*UTF8*$!
{
	archiveVersion = 1;
	classes = {
	};
	objectVersion = 46;
	objects = {

/* Begin PBXBuildFile section */
		C4B7299A1D6B5AC0002E96DB /* main.m in Sources */ = {isa = PBXBuildFile; fileRef = C4B729991D6B5AC0002E96DB /* main.m */; };
		C4B7299D1D6B5AC0002E96DB /* AppDelegate.m in Sources */ = {isa = PBXBuildFile; fileRef = C4B7299C1D6B5AC0002E96DB /* AppDelegate.m */; };
		C4B729A01D6B5AC0002E96DB /* ViewController.m in Sources */ = {isa = PBXBuildFile; fileRef = C4B7299F1D6B5AC0002E96DB /* ViewController.m */; };
		C4B729A31D6B5AC0002E96DB /* Main.storyboard in Resources */ = {isa = PBXBuildFile; fileRef = C4B729A11D6B5AC0002E96DB /* Main.storyboard */; settings = {ASSET_TAGS = (inputField, ); }; };
		C4B729A51D6B5AC0002E96DB /* Assets.xcassets in Resources */ = {isa = PBXBuildFile; fileRef = C4B729A41D6B5AC0002E96DB /* Assets.xcassets */; };
		C4B729A81D6B5AC0002E96DB /* LaunchScreen.storyboard in Resources */ = {isa = PBXBuildFile; fileRef = C4B729A61D6B5AC0002E96DB /* LaunchScreen.storyboard */; };
/* End PBXBuildFile section */

/* Begin PBXFileReference section */
		C4B729951D6B5AC0002E96DB /* testApp-single.app */ = {isa = PBXFileReference; explicitFileType = wrapper.application; includeInIndex = 0; path = "testApp-single.app"; sourceTree = BUILT_PRODUCTS_DIR; };
		C4B729991D6B5AC0002E96DB /* main.m */ = {isa = PBXFileReference; lastKnownFileType = sourcecode.c.objc; path = main.m; sourceTree = "<group>"; };
		C4B7299B1D6B5AC0002E96DB /* AppDelegate.h */ = {isa = PBXFileReference; lastKnownFileType = sourcecode.c.h; path = AppDelegate.h; sourceTree = "<group>"; };
		C4B7299C1D6B5AC0002E96DB /* AppDelegate.m */ = {isa = PBXFileReference; lastKnownFileType = sourcecode.c.objc; path = AppDelegate.m; sourceTree = "<group>"; };
		C4B7299E1D6B5AC0002E96DB /* ViewController.h */ = {isa = PBXFileReference; lastKnownFileType = sourcecode.c.h; path = ViewController.h; sourceTree = "<group>"; };
		C4B7299F1D6B5AC0002E96DB /* ViewController.m */ = {isa = PBXFileReference; lastKnownFileType = sourcecode.c.objc; path = ViewController.m; sourceTree = "<group>"; };
		C4B729A21D6B5AC0002E96DB /* Base */ = {isa = PBXFileReference; lastKnownFileType = file.storyboard; name = Base; path = Base.lproj/Main.storyboard; sourceTree = "<group>"; };
		C4B729A41D6B5AC0002E96DB /* Assets.xcassets */ = {isa = PBXFileReference; lastKnownFileType = folder.assetcatalog; path = Assets.xcassets; sourceTree = "<group>"; };
		C4B729A71D6B5AC0002E96DB /* Base */ = {isa = PBXFileReference; lastKnownFileType = file.storyboard; name = Base; path = Base.lproj/LaunchScreen.storyboard; sourceTree = "<group>"; };
		C4B729A91D6B5AC0002E96DB /* Info.plist */ = {isa = PBXFileReference; lastKnownFileType = text.plist.xml; path = Info.plist; sourceTree = "<group>"; };
/* End PBXFileReference section */

/* Begin PBXFrameworksBuildPhase section */
		C4B729921D6B5AC0002E96DB /* Frameworks */ = {
			isa = PBXFrameworksBuildPhase;
			buildActionMask = 2147483647;
			files = (
			);
			runOnlyForDeploymentPostprocessing = 0;
		};
/* End PBXFrameworksBuildPhase section */

/* Begin PBXGroup section */
		C4B7298C1D6B5AC0002E96DB = {
			isa = PBXGroup;
			children = (
				C4B729971D6B5AC0002E96DB /* testApp-single */,
				C4B729961D6B5AC0002E96DB /* Products */,
			);
			sourceTree = "<group>";
		};
		C4B729961D6B5AC0002E96DB /* Products */ = {
			isa = PBXGroup;
			children = (
				C4B729951D6B5AC0002E96DB /* testApp-single.app */,
			);
			name = Products;
			sourceTree = "<group>";
		};
		C4B729971D6B5AC0002E96DB /* testApp-single */ = {
			isa = PBXGroup;
			children = (
				C4B7299B1D6B5AC0002E96DB /* AppDelegate.h */,
				C4B7299C1D6B5AC0002E96DB /* AppDelegate.m */,
				C4B7299E1D6B5AC0002E96DB /* ViewController.h */,
				C4B7299F1D6B5AC0002E96DB /* ViewController.m */,
				C4B729A11D6B5AC0002E96DB /* Main.storyboard */,
				C4B729A41D6B5AC0002E96DB /* Assets.xcassets */,
				C4B729A61D6B5AC0002E96DB /* LaunchScreen.storyboard */,
				C4B729A91D6B5AC0002E96DB /* Info.plist */,
				C4B729981D6B5AC0002E96DB /* Supporting Files */,
			);
			path = "testApp-single";
			sourceTree = "<group>";
		};
		C4B729981D6B5AC0002E96DB /* Supporting Files */ = {
			isa = PBXGroup;
			children = (
				C4B729991D6B5AC0002E96DB /* main.m */,
			);
			name = "Supporting Files";
			sourceTree = "<group>";
		};
/* End PBXGroup section */

/* Begin PBXNativeTarget section */
		C4B729941D6B5AC0002E96DB /* testApp-single */ = {
			isa = PBXNativeTarget;
			buildConfigurationList = C4B729AC1D6B5AC0002E96DB /* Build configuration list for PBXNativeTarget "testApp-single" */;
			buildPhases = (
				C4B729911D6B5AC0002E96DB /* Sources */,
				C4B729921D6B5AC0002E96DB /* Frameworks */,
				C4B729931D6B5AC0002E96DB /* Resources */,
			);
			buildRules = (
			);
			dependencies = (
			);
			name = "testApp-single";
			productName = "testApp-single";
			productReference = C4B729951D6B5AC0002E96DB /* testApp-single.app */;
			productType = "com.apple.product-type.application";
		};
/* End PBXNativeTarget section */

/* Begin PBXProject section */
		C4B7298D1D6B5AC0002E96DB /* Project object */ = {
			isa = PBXProject;
			attributes = {
				KnownAssetTags = (
					inputField,
				);
				LastUpgradeCheck = 0730;
				ORGANIZATIONNAME = "Prashant Tiwari";
				TargetAttributes = {
					C4B729941D6B5AC0002E96DB = {
						CreatedOnToolsVersion = 7.3.1;
					};
				};
			};
			buildConfigurationList = C4B729901D6B5AC0002E96DB /* Build configuration list for PBXProject "testApp-single" */;
			compatibilityVersion = "Xcode 3.2";
			developmentRegion = English;
			hasScannedForEncodings = 0;
			knownRegions = (
				en,
				Base,
			);
			mainGroup = C4B7298C1D6B5AC0002E96DB;
			productRefGroup = C4B729961D6B5AC0002E96DB /* Products */;
			projectDirPath = "";
			projectRoot = "";
			targets = (
				C4B729941D6B5AC0002E96DB /* testApp-single */,
			);
		};
/* End PBXProject section */

/* Begin PBXResourcesBuildPhase section */
		C4B729931D6B5AC0002E96DB /* Resources */ = {
			isa = PBXResourcesBuildPhase;
			buildActionMask = 2147483647;
			files = (
				C4B729A81D6B5AC0002E96DB /* LaunchScreen.storyboard in Resources */,
				C4B729A51D6B5AC0002E96DB /* Assets.xcassets in Resources */,
				C4B729A31D6B5AC0002E96DB /* Main.storyboard in Resources */,
			);
			runOnlyForDeploymentPostprocessing = 0;
		};
/* End PBXResourcesBuildPhase section */

/* Begin PBXSourcesBuildPhase section */
		C4B729911D6B5AC0002E96DB /* Sources */ = {
			isa = PBXSourcesBuildPhase;
			buildActionMask = 2147483647;
			files = (
				C4B729A01D6B5AC0002E96DB /* ViewController.m in Sources */,
				C4B7299D1D6B5AC0002E96DB /* AppDelegate.m in Sources */,
				C4B7299A1D6B5AC0002E96DB /* main.m in Sources */,
			);
			runOnlyForDeploymentPostprocessing = 0;
		};
/* End PBXSourcesBuildPhase section */

/* Begin PBXVariantGroup section */
		C4B729A11D6B5AC0002E96DB /* Main.storyboard */ = {
			isa = PBXVariantGroup;
			children = (
				C4B729A21D6B5AC0002E96DB /* Base */,
			);
			name = Main.storyboard;
			sourceTree = "<group>";
		};
		C4B729A61D6B5AC0002E96DB /* LaunchScreen.storyboard */ = {
			isa = PBXVariantGroup;
			children = (
				C4B729A71D6B5AC0002E96DB /* Base */,
			);
			name = LaunchScreen.storyboard;
			sourceTree = "<group>";
		};
/* End PBXVariantGroup section */

/* Begin XCBuildConfiguration section */
		C4B729AA1D6B5AC0002E96DB /* Debug */ = {
			isa = XCBuildConfiguration;
			buildSettings = {
				ALWAYS_SEARCH_USER_PATHS = NO;
				CLANG_ANALYZER_NONNULL = YES;
				CLANG_CXX_LANGUAGE_STANDARD = "gnu++0x";
				CLANG_CXX_LIBRARY = "libc++";
				CLANG_ENABLE_MODULES = YES;
				CLANG_ENABLE_OBJC_ARC = YES;
				CLANG_WARN_BOOL_CONVERSION = YES;
				CLANG_WARN_CONSTANT_CONVERSION = YES;
				CLANG_WARN_DIRECT_OBJC_ISA_USAGE = YES_ERROR;
				CLANG_WARN_EMPTY_BODY = YES;
				CLANG_WARN_ENUM_CONVERSION = YES;
				CLANG_WARN_INT_CONVERSION = YES;
				CLANG_WARN_OBJC_ROOT_CLASS = YES_ERROR;
				CLANG_WARN_UNREACHABLE_CODE = YES;
				CLANG_WARN__DUPLICATE_METHOD_MATCH = YES;
				"CODE_SIGN_IDENTITY[sdk=iphoneos*]" = "iPhone Developer";
				COPY_PHASE_STRIP = NO;
				DEBUG_INFORMATION_FORMAT = dwarf;
				ENABLE_STRICT_OBJC_MSGSEND = YES;
				ENABLE_TESTABILITY = YES;
				GCC_C_LANGUAGE_STANDARD = gnu99;
				GCC_DYNAMIC_NO_PIC = NO;
				GCC_NO_COMMON_BLOCKS = YES;
				GCC_OPTIMIZATION_LEVEL = 0;
				GCC_PREPROCESSOR_DEFINITIONS = (
					"DEBUG=1",
					"$(inherited)",
				);
				GCC_WARN_64_TO_32_BIT_CONVERSION = YES;
				GCC_WARN_ABOUT_RETURN_TYPE = YES_ERROR;
				GCC_WARN_UNDECLARED_SELECTOR = YES;
				GCC_WARN_UNINITIALIZED_AUTOS = YES_AGGRESSIVE;
				GCC_WARN_UNUSED_FUNCTION = YES;
				GCC_WARN_UNUSED_VARIABLE = YES;
				IPHONEOS_DEPLOYMENT_TARGET = 9.3;
				MTL_ENABLE_DEBUG_INFO = YES;
				ONLY_ACTIVE_ARCH = YES;
				SDKROOT = iphoneos;
				TARGETED_DEVICE_FAMILY = "1,2";
			};
			name = Debug;
		};
		C4B729AB1D6B5AC0002E96DB /* Release */ = {
			isa = XCBuildConfiguration;
			buildSettings = {
				ALWAYS_SEARCH_USER_PATHS = NO;
				CLANG_ANALYZER_NONNULL = YES;
				CLANG_CXX_LANGUAGE_STANDARD = "gnu++0x";
				CLANG_CXX_LIBRARY = "libc++";
				CLANG_ENABLE_MODULES = YES;
				CLANG_ENABLE_OBJC_ARC = YES;
				CLANG_WARN_BOOL_CONVERSION = YES;
				CLANG_WARN_CONSTANT_CONVERSION = YES;
				CLANG_WARN_DIRECT_OBJC_ISA_USAGE = YES_ERROR;
				CLANG_WARN_EMPTY_BODY = YES;
				CLANG_WARN_ENUM_CONVERSION = YES;
				CLANG_WARN_INT_CONVERSION = YES;
				CLANG_WARN_OBJC_ROOT_CLASS = YES_ERROR;
				CLANG_WARN_UNREACHABLE_CODE = YES;
				CLANG_WARN__DUPLICATE_METHOD_MATCH = YES;
				"CODE_SIGN_IDENTITY[sdk=iphoneos*]" = "iPhone Developer";
				COPY_PHASE_STRIP = NO;
				DEBUG_INFORMATION_FORMAT = "dwarf-with-dsym";
				ENABLE_NS_ASSERTIONS = NO;
				ENABLE_STRICT_OBJC_MSGSEND = YES;
				GCC_C_LANGUAGE_STANDARD = gnu99;
				GCC_NO_COMMON_BLOCKS = YES;
				GCC_WARN_64_TO_32_BIT_CONVERSION = YES;
				GCC_WARN_ABOUT_RETURN_TYPE = YES_ERROR;
				GCC_WARN_UNDECLARED_SELECTOR = YES;
				GCC_WARN_UNINITIALIZED_AUTOS = YES_AGGRESSIVE;
				GCC_WARN_UNUSED_FUNCTION = YES;
				GCC_WARN_UNUSED_VARIABLE = YES;
				IPHONEOS_DEPLOYMENT_TARGET = 9.3;
				MTL_ENABLE_DEBUG_INFO = NO;
				SDKROOT = iphoneos;
				TARGETED_DEVICE_FAMILY = "1,2";
				VALIDATE_PRODUCT = YES;
			};
			name = Release;
		};
		C4B729AD1D6B5AC0002E96DB /* Debug */ = {
			isa = XCBuildConfiguration;
			buildSettings = {
				ASSETCATALOG_COMPILER_APPICON_NAME = AppIcon;
				INFOPLIST_FILE = "testApp-single/Info.plist";
				LD_RUNPATH_SEARCH_PATHS = "$(inherited) @executable_path/Frameworks";
				PRODUCT_BUNDLE_IDENTIFIER = "com.prashant.iosapp.testApp-single";
				PRODUCT_NAME = "$(TARGET_NAME)";
			};
			name = Debug;
		};
		C4B729AE1D6B5AC0002E96DB /* Release */ = {
			isa = XCBuildConfiguration;
			buildSettings = {
				ASSETCATALOG_COMPILER_APPICON_NAME = AppIcon;
				INFOPLIST_FILE = "testApp-single/Info.plist";
				LD_RUNPATH_SEARCH_PATHS = "$(inherited) @executable_path/Frameworks";
				PRODUCT_BUNDLE_IDENTIFIER = "com.prashant.iosapp.testApp-single";
				PRODUCT_NAME = "$(TARGET_NAME)";
			};
			name = Release;
		};
/* End XCBuildConfiguration section */

/* Begin XCConfigurationList section */
		C4B729901D6B5AC0002E96DB /* Build configuration list for PBXProject "testApp-single" */ = {
			isa = XCConfigurationList;
			buildConfigurations = (
				C4B729AA1D6B5AC0002E96DB /* Debug */,
				C4B729AB1D6B5AC0002E96DB /* Release */,
			);
			defaultConfigurationIsVisible = 0;
			defaultConfigurationName = Release;
		};
		C4B729AC1D6B5AC0002E96DB /* Build configuration list for PBXNativeTarget "testApp-single" */ = {
			isa = XCConfigurationList;
			buildConfigurations = (
				C4B729AD1D6B5AC0002E96DB /* Debug */,
				C4B729AE1D6B5AC0002E96DB /* Release */,
			);
			defaultConfigurationIsVisible = 0;
		};
/* End XCConfigurationList section */
	};
	rootObject = C4B7298D1D6B5AC0002E96DB /* Project object */;
}
